
Microsoft Visual Studio Solution File, Format Version 12.00
# Visual Studio Version 17
VisualStudioVersion = 17.6.33829.357
MinimumVisualStudioVersion = 10.0.40219.1
Project("{FAE04EC0-301F-11D3-BF4B-00C04F79EFBC}") = "Gerenciador De Clientes", "Gerenciador De Clientes\Gerenciador De Clientes.csproj", "{9F7D31BC-9AF0-4FD4-A841-0DDC8F0FBDFD}"
EndProject
Global
	GlobalSection(SolutionConfigurationPlatforms) = preSolution
		Debug|Any CPU = Debug|Any CPU
		Release|Any CPU = Release|Any CPU
	EndGlobalSection
	GlobalSection(ProjectConfigurationPlatforms) = postSolution
		{9F7D31BC-9AF0-4FD4-A841-0DDC8F0FBDFD}.Debug|Any CPU.ActiveCfg = Debug|Any CPU
		{9F7D31BC-9AF0-4FD4-A841-0DDC8F0FBDFD}.Debug|Any CPU.Build.0 = Debug|Any CPU
		{9F7D31BC-9AF0-4FD4-A841-0DDC8F0FBDFD}.Release|Any CPU.ActiveCfg = Release|Any CPU
		{9F7D31BC-9AF0-4FD4-A841-0DDC8F0FBDFD}.Release|Any CPU.Build.0 = Release|Any CPU
	EndGlobalSection
	GlobalSection(SolutionProperties) = preSolution
		HideSolutionNode = FALSE
	EndGlobalSection
	GlobalSection(ExtensibilityGlobals) = postSolution
		SolutionGuid = {CDAFD3DF-5DAC-4279-80E0-884698A3DA36}
	EndGlobalSection
EndGlobal
